
Microsoft Visual Studio Solution File, Format Version 10.00
# Visual C++ Express 2008
Project("{8BC9CEB8-8B4A-11D0-8D11-00A0C91BC942}") = "CUnit", "CUnit\CUnit.vcproj", "{6EE1D0F4-FBF0-4CD2-A6AF-602CA3427CA8}"
EndProject
Project("{8BC9CEB8-8B4A-11D0-8D11-00A0C91BC942}") = "MOD_APP_COMMON_STUBS", "..\MOD\MOD_APP_COMMON\test\stubs\MOD_APP_COMMON_STUBS.vcproj", "{A27E6CA1-73DA-44C3-B7D4-FB46F29D982F}"
EndProject
Project("{8BC9CEB8-8B4A-11D0-8D11-00A0C91BC942}") = "MOD_APP_CSHDL_STUBS", "..\MOD\MOD_APP_CSHDL\test\stubs\MOD_APP_CSHDL_STUBS.vcproj", "{EF1DD6AA-3EEF-454C-B79D-10BAB274E617}"
EndProject
Project("{8BC9CEB8-8B4A-11D0-8D11-00A0C91BC942}") = "MOD_APP_DEVICE_STUBS", "..\MOD\MOD_APP_DEVICE\test\stubs\MOD_APP_DEVICE_STUBS.vcproj", "{2CECD254-5247-4222-8335-D352D8201D09}"
EndProject
Project("{8BC9CEB8-8B4A-11D0-8D11-00A0C91BC942}") = "MOD_APP_MDI_BAP_STUBS", "..\MOD\MOD_APP_MDI_BAP\test\stubs\MOD_APP_MDI_BAP_STUBS.vcproj", "{84E41763-08F3-4F5A-88AC-A57583D6CB4B}"
EndProject
Project("{8BC9CEB8-8B4A-11D0-8D11-00A0C91BC942}") = "MOD_AT_CMD_HANDLER_STUBS", "..\MOD\MOD_AT_Cmd_Handler\test\stubs\MOD_AT_CMD_HANDLER_STUBS.vcproj", "{6680E670-4B25-49A2-90C9-58F8AD00571F}"
EndProject
Project("{8BC9CEB8-8B4A-11D0-8D11-00A0C91BC942}") = "MOD_DEBUG_STUBS", "..\MOD\MOD_DEBUG\test\stubs\MOD_DEBUG_STUBS.vcproj", "{BB814D12-20AD-418B-9746-535231F2C1B5}"
EndProject
Project("{8BC9CEB8-8B4A-11D0-8D11-00A0C91BC942}") = "MOD_ERM_STUBS", "..\MOD\MOD_ERM\test\stubs\MOD_ERM_STUBS.vcproj", "{00074A41-8A4B-40EB-8CA8-57474CB3FE14}"
EndProject
Project("{8BC9CEB8-8B4A-11D0-8D11-00A0C91BC942}") = "MOD_MUTE_MANAGER_STUBS", "..\MOD\MOD_MUTE_MANAGER\test\stubs\MOD_MUTE_MANAGER_STUBS.vcproj", "{95694691-878B-4E23-B169-3AF08C293CEF}"
EndProject
Project("{8BC9CEB8-8B4A-11D0-8D11-00A0C91BC942}") = "MOD_OSEK_DYN_STUBS", "..\MOD\MOD_OSEK_DYN\test\stubs\MOD_OSEK_DYN_STUBS.vcproj", "{AAED7246-7F12-4E75-9270-3BC7E141656A}"
EndProject
Project("{8BC9CEB8-8B4A-11D0-8D11-00A0C91BC942}") = "MOD_OSEK_ST_STUBS", "..\MOD\MOD_OSEK_ST\test\stubs\MOD_OSEK_ST_STUBS.vcproj", "{0BD8BF3B-C837-4347-9819-4D98EBE1F222}"
EndProject
Project("{8BC9CEB8-8B4A-11D0-8D11-00A0C91BC942}") = "MOD_APP_MDI", "..\MOD\MOD_APP_MDI\test\mod_test\MOD_APP_MDI.vcproj", "{F55E8204-C569-43E9-A663-C6ADC55B3544}"
	ProjectSection(ProjectDependencies) = postProject
		{BB814D12-20AD-418B-9746-535231F2C1B5} = {BB814D12-20AD-418B-9746-535231F2C1B5}
		{0BD8BF3B-C837-4347-9819-4D98EBE1F222} = {0BD8BF3B-C837-4347-9819-4D98EBE1F222}
		{00074A41-8A4B-40EB-8CA8-57474CB3FE14} = {00074A41-8A4B-40EB-8CA8-57474CB3FE14}
		{AAED7246-7F12-4E75-9270-3BC7E141656A} = {AAED7246-7F12-4E75-9270-3BC7E141656A}
		{2CECD254-5247-4222-8335-D352D8201D09} = {2CECD254-5247-4222-8335-D352D8201D09}
		{84E41763-08F3-4F5A-88AC-A57583D6CB4B} = {84E41763-08F3-4F5A-88AC-A57583D6CB4B}
		{6680E670-4B25-49A2-90C9-58F8AD00571F} = {6680E670-4B25-49A2-90C9-58F8AD00571F}
		{95694691-878B-4E23-B169-3AF08C293CEF} = {95694691-878B-4E23-B169-3AF08C293CEF}
		{A27E6CA1-73DA-44C3-B7D4-FB46F29D982F} = {A27E6CA1-73DA-44C3-B7D4-FB46F29D982F}
		{EF1DD6AA-3EEF-454C-B79D-10BAB274E617} = {EF1DD6AA-3EEF-454C-B79D-10BAB274E617}
		{6EE1D0F4-FBF0-4CD2-A6AF-602CA3427CA8} = {6EE1D0F4-FBF0-4CD2-A6AF-602CA3427CA8}
	EndProjectSection
EndProject
Global
	GlobalSection(SolutionConfigurationPlatforms) = preSolution
		Debug|Win32 = Debug|Win32
		Release|Win32 = Release|Win32
	EndGlobalSection
	GlobalSection(ProjectConfigurationPlatforms) = postSolution
		{6EE1D0F4-FBF0-4CD2-A6AF-602CA3427CA8}.Debug|Win32.ActiveCfg = Debug|Win32
		{6EE1D0F4-FBF0-4CD2-A6AF-602CA3427CA8}.Debug|Win32.Build.0 = Debug|Win32
		{6EE1D0F4-FBF0-4CD2-A6AF-602CA3427CA8}.Release|Win32.ActiveCfg = Release|Win32
		{6EE1D0F4-FBF0-4CD2-A6AF-602CA3427CA8}.Release|Win32.Build.0 = Release|Win32
		{A27E6CA1-73DA-44C3-B7D4-FB46F29D982F}.Debug|Win32.ActiveCfg = Debug|Win32
		{A27E6CA1-73DA-44C3-B7D4-FB46F29D982F}.Debug|Win32.Build.0 = Debug|Win32
		{A27E6CA1-73DA-44C3-B7D4-FB46F29D982F}.Release|Win32.ActiveCfg = Release|Win32
		{A27E6CA1-73DA-44C3-B7D4-FB46F29D982F}.Release|Win32.Build.0 = Release|Win32
		{EF1DD6AA-3EEF-454C-B79D-10BAB274E617}.Debug|Win32.ActiveCfg = Debug|Win32
		{EF1DD6AA-3EEF-454C-B79D-10BAB274E617}.Debug|Win32.Build.0 = Debug|Win32
		{EF1DD6AA-3EEF-454C-B79D-10BAB274E617}.Release|Win32.ActiveCfg = Release|Win32
		{EF1DD6AA-3EEF-454C-B79D-10BAB274E617}.Release|Win32.Build.0 = Release|Win32
		{2CECD254-5247-4222-8335-D352D8201D09}.Debug|Win32.ActiveCfg = Debug|Win32
		{2CECD254-5247-4222-8335-D352D8201D09}.Debug|Win32.Build.0 = Debug|Win32
		{2CECD254-5247-4222-8335-D352D8201D09}.Release|Win32.ActiveCfg = Release|Win32
		{2CECD254-5247-4222-8335-D352D8201D09}.Release|Win32.Build.0 = Release|Win32
		{84E41763-08F3-4F5A-88AC-A57583D6CB4B}.Debug|Win32.ActiveCfg = Debug|Win32
		{84E41763-08F3-4F5A-88AC-A57583D6CB4B}.Debug|Win32.Build.0 = Debug|Win32
		{84E41763-08F3-4F5A-88AC-A57583D6CB4B}.Release|Win32.ActiveCfg = Release|Win32
		{84E41763-08F3-4F5A-88AC-A57583D6CB4B}.Release|Win32.Build.0 = Release|Win32
		{6680E670-4B25-49A2-90C9-58F8AD00571F}.Debug|Win32.ActiveCfg = Debug|Win32
		{6680E670-4B25-49A2-90C9-58F8AD00571F}.Debug|Win32.Build.0 = Debug|Win32
		{6680E670-4B25-49A2-90C9-58F8AD00571F}.Release|Win32.ActiveCfg = Release|Win32
		{6680E670-4B25-49A2-90C9-58F8AD00571F}.Release|Win32.Build.0 = Release|Win32
		{BB814D12-20AD-418B-9746-535231F2C1B5}.Debug|Win32.ActiveCfg = Debug|Win32
		{BB814D12-20AD-418B-9746-535231F2C1B5}.Debug|Win32.Build.0 = Debug|Win32
		{BB814D12-20AD-418B-9746-535231F2C1B5}.Release|Win32.ActiveCfg = Release|Win32
		{BB814D12-20AD-418B-9746-535231F2C1B5}.Release|Win32.Build.0 = Release|Win32
		{00074A41-8A4B-40EB-8CA8-57474CB3FE14}.Debug|Win32.ActiveCfg = Debug|Win32
		{00074A41-8A4B-40EB-8CA8-57474CB3FE14}.Debug|Win32.Build.0 = Debug|Win32
		{00074A41-8A4B-40EB-8CA8-57474CB3FE14}.Release|Win32.ActiveCfg = Release|Win32
		{00074A41-8A4B-40EB-8CA8-57474CB3FE14}.Release|Win32.Build.0 = Release|Win32
		{95694691-878B-4E23-B169-3AF08C293CEF}.Debug|Win32.ActiveCfg = Debug|Win32
		{95694691-878B-4E23-B169-3AF08C293CEF}.Debug|Win32.Build.0 = Debug|Win32
		{95694691-878B-4E23-B169-3AF08C293CEF}.Release|Win32.ActiveCfg = Release|Win32
		{95694691-878B-4E23-B169-3AF08C293CEF}.Release|Win32.Build.0 = Release|Win32
		{AAED7246-7F12-4E75-9270-3BC7E141656A}.Debug|Win32.ActiveCfg = Debug|Win32
		{AAED7246-7F12-4E75-9270-3BC7E141656A}.Debug|Win32.Build.0 = Debug|Win32
		{AAED7246-7F12-4E75-9270-3BC7E141656A}.Release|Win32.ActiveCfg = Release|Win32
		{AAED7246-7F12-4E75-9270-3BC7E141656A}.Release|Win32.Build.0 = Release|Win32
		{0BD8BF3B-C837-4347-9819-4D98EBE1F222}.Debug|Win32.ActiveCfg = Debug|Win32
		{0BD8BF3B-C837-4347-9819-4D98EBE1F222}.Debug|Win32.Build.0 = Debug|Win32
		{0BD8BF3B-C837-4347-9819-4D98EBE1F222}.Release|Win32.ActiveCfg = Release|Win32
		{0BD8BF3B-C837-4347-9819-4D98EBE1F222}.Release|Win32.Build.0 = Release|Win32
		{F55E8204-C569-43E9-A663-C6ADC55B3544}.Debug|Win32.ActiveCfg = Debug|Win32
		{F55E8204-C569-43E9-A663-C6ADC55B3544}.Debug|Win32.Build.0 = Debug|Win32
		{F55E8204-C569-43E9-A663-C6ADC55B3544}.Release|Win32.ActiveCfg = Release|Win32
		{F55E8204-C569-43E9-A663-C6ADC55B3544}.Release|Win32.Build.0 = Release|Win32
	EndGlobalSection
	GlobalSection(SolutionProperties) = preSolution
		HideSolutionNode = FALSE
	EndGlobalSection
EndGlobal
